<?xml version="1.0" encoding="utf-8"?>
<Project ToolsVersion="4.0" xmlns="http://schemas.microsoft.com/developer/msbuild/2003">
  <ItemGroup>
    <Filter Include="Header Files">
      <UniqueIdentifier>{93995380-89BD-4b04-88EB-625FBE52EBFB}</UniqueIdentifier>
      <Extensions>h;hh;hpp;hxx;h++;hm;inl;inc;ipp;xsd</Extensions>
    </Filter>
    <Filter Include="Resource Files">
      <UniqueIdentifier>{67DA6AB6-F800-4c08-8B7A-83BB121AAD01}</UniqueIdentifier>
      <Extensions>rc;ico;cur;bmp;dlg;rc2;rct;bin;rgs;gif;jpg;jpeg;jpe;resx;tiff;tif;png;wav;mfcribbon-ms</Extensions>
    </Filter>
    <Filter Include="Source Files">
      <UniqueIdentifier>{4FC737F1-C7A5-4376-A066-2A32D752A2FF}</UniqueIdentifier>
      <Extensions>cpp;c;cc;cxx;c++;cppm;ixx;def;odl;idl;hpj;bat;asm;asmx</Extensions>
    </Filter>
    <Filter Include="Source Files\actor">
      <UniqueIdentifier>{dd8a5c71-c3f5-483c-acd2-d010be654324}</UniqueIdentifier>
    </Filter>
    <Filter Include="Source Files\actor\enemy">
      <UniqueIdentifier>{809f4930-13f2-45f5-80a0-15e5a0358bb5}</UniqueIdentifier>
    </Filter>
    <Filter Include="Source Files\Projectille">
      <UniqueIdentifier>{545aefe2-66b0-4e5e-ae9d-9a87003405d1}</UniqueIdentifier>
    </Filter>
    <Filter Include="Source Files\actor\player">
      <UniqueIdentifier>{54cde293-dc22-4c4c-ba51-142249ea7aca}</UniqueIdentifier>
    </Filter>
  </ItemGroup>
  <ItemGroup>
    <ClCompile Include="main.cpp">
      <Filter>Header Files</Filter>
    </ClCompile>
    <ClCompile Include="Matrix2x3.cpp">
      <Filter>Header Files</Filter>
    </ClCompile>
    <ClCompile Include="pch.cpp">
      <Filter>Header Files</Filter>
    </ClCompile>
    <ClCompile Include="SoundEffect.cpp">
      <Filter>Header Files</Filter>
    </ClCompile>
    <ClCompile Include="SoundStream.cpp">
      <Filter>Header Files</Filter>
    </ClCompile>
    <ClCompile Include="structs.cpp">
      <Filter>Header Files</Filter>
    </ClCompile>
    <ClCompile Include="SVGParser.cpp">
      <Filter>Header Files</Filter>
    </ClCompile>
    <ClCompile Include="Texture.cpp">
      <Filter>Header Files</Filter>
    </ClCompile>
    <ClCompile Include="utils.cpp">
      <Filter>Header Files</Filter>
    </ClCompile>
    <ClCompile Include="Vector2f.cpp">
      <Filter>Header Files</Filter>
    </ClCompile>
    <ClCompile Include="Core.cpp">
      <Filter>Header Files</Filter>
    </ClCompile>
    <ClCompile Include="Timer.cpp">
      <Filter>Source Files</Filter>
    </ClCompile>
    <ClCompile Include="Grid.cpp">
      <Filter>Source Files</Filter>
    </ClCompile>
    <ClCompile Include="LevelManager.cpp">
      <Filter>Source Files</Filter>
    </ClCompile>
    <ClCompile Include="OAMEntry.cpp">
      <Filter>Source Files</Filter>
    </ClCompile>
    <ClCompile Include="OAMTable.cpp">
      <Filter>Source Files</Filter>
    </ClCompile>
    <ClCompile Include="Tile.cpp">
      <Filter>Source Files</Filter>
    </ClCompile>
    <ClCompile Include="Actor.cpp">
      <Filter>Source Files\actor</Filter>
    </ClCompile>
    <ClCompile Include="Boss.cpp">
      <Filter>Source Files\actor\enemy</Filter>
    </ClCompile>
    <ClCompile Include="Knight.cpp">
      <Filter>Source Files\actor\enemy</Filter>
    </ClCompile>
    <ClCompile Include="Boomerang.cpp">
      <Filter>Source Files\Projectille</Filter>
    </ClCompile>
    <ClCompile Include="Bullet.cpp">
      <Filter>Source Files\Projectille</Filter>
    </ClCompile>
    <ClCompile Include="Laser.cpp">
      <Filter>Source Files\Projectille</Filter>
    </ClCompile>
    <ClCompile Include="Level.cpp">
      <Filter>Source Files\Projectille</Filter>
    </ClCompile>
    <ClCompile Include="Projectile.cpp">
      <Filter>Source Files\Projectille</Filter>
    </ClCompile>
    <ClCompile Include="ProjectileManager.cpp">
      <Filter>Source Files\Projectille</Filter>
    </ClCompile>
    <ClCompile Include="SmallEnemy.cpp">
      <Filter>Source Files\actor\enemy</Filter>
    </ClCompile>
    <ClCompile Include="Enemy.cpp">
      <Filter>Source Files\actor\enemy</Filter>
    </ClCompile>
    <ClCompile Include="Player.cpp">
      <Filter>Source Files\actor\player</Filter>
    </ClCompile>
    <ClCompile Include="Undead.cpp">
      <Filter>Source Files\actor\enemy</Filter>
    </ClCompile>
    <ClCompile Include="Game.cpp">
      <Filter>Header Files</Filter>
    </ClCompile>
  </ItemGroup>
  <ItemGroup>
    <ClInclude Include="pch.h">
      <Filter>Header Files</Filter>
    </ClInclude>
    <ClInclude Include="Core.h">
      <Filter>Header Files</Filter>
    </ClInclude>
    <ClInclude Include="Matrix2x3.h">
      <Filter>Header Files</Filter>
    </ClInclude>
    <ClInclude Include="SoundEffect.h">
      <Filter>Header Files</Filter>
    </ClInclude>
    <ClInclude Include="SoundStream.h">
      <Filter>Header Files</Filter>
    </ClInclude>
    <ClInclude Include="structs.h">
      <Filter>Header Files</Filter>
    </ClInclude>
    <ClInclude Include="SVGParser.h">
      <Filter>Header Files</Filter>
    </ClInclude>
    <ClInclude Include="Texture.h">
      <Filter>Header Files</Filter>
    </ClInclude>
    <ClInclude Include="utils.h">
      <Filter>Header Files</Filter>
    </ClInclude>
    <ClInclude Include="Vector2f.h">
      <Filter>Header Files</Filter>
    </ClInclude>
<<<<<<< Updated upstream
    <ClInclude Include="Game.h">
      <Filter>Source Files</Filter>
=======
    <ClInclude Include="Actor.h">
      <Filter>Header Files</Filter>
>>>>>>> Stashed changes
    </ClInclude>
    <ClInclude Include="Timer.h">
      <Filter>Source Files</Filter>
    </ClInclude>
    <ClInclude Include="Grid.h">
      <Filter>Header Files</Filter>
    </ClInclude>
    <ClInclude Include="Knight.h">
      <Filter>Header Files</Filter>
    </ClInclude>
    <ClInclude Include="Laser.h">
      <Filter>Header Files</Filter>
    </ClInclude>
    <ClInclude Include="Level.h">
      <Filter>Header Files</Filter>
    </ClInclude>
    <ClInclude Include="LevelManager.h">
      <Filter>Header Files</Filter>
    </ClInclude>
    <ClInclude Include="OAMEntry.h">
      <Filter>Header Files</Filter>
    </ClInclude>
    <ClInclude Include="OAMTable.h">
      <Filter>Header Files</Filter>
    </ClInclude>
    <ClInclude Include="Boss.h">
      <Filter>Header Files</Filter>
    </ClInclude>
    <ClInclude Include="Actor.h">
      <Filter>Source Files\actor</Filter>
    </ClInclude>
    <ClInclude Include="Enemy.h">
      <Filter>Source Files\actor\enemy</Filter>
    </ClInclude>
    <ClInclude Include="Projectile.h">
      <Filter>Source Files\Projectille</Filter>
    </ClInclude>
    <ClInclude Include="Player.h">
      <Filter>Source Files\actor\player</Filter>
    </ClInclude>
    <ClInclude Include="Undead.h">
      <Filter>Source Files\actor\enemy</Filter>
    </ClInclude>
    <ClInclude Include="Tile.h">
      <Filter>Source Files</Filter>
    </ClInclude>
    <ClInclude Include="ProjectileManager.h">
      <Filter>Source Files\Projectille</Filter>
    </ClInclude>
    <ClInclude Include="SmallEnemy.h">
      <Filter>Source Files\actor\enemy</Filter>
    </ClInclude>
    <ClInclude Include="Boomerang.h">
      <Filter>Header Files</Filter>
    </ClInclude>
<<<<<<< Updated upstream
    <ClInclude Include="Bullet.h">
      <Filter>Source Files\Projectille</Filter>
=======
    <ClInclude Include="Game.h">
      <Filter>Header Files</Filter>
>>>>>>> Stashed changes
    </ClInclude>
  </ItemGroup>
</Project>